{
  "name": "parse-server-scheduler",
  "version": "1.0.21",
  "lockfileVersion": 3,
  "requires": true,
  "packages": {
    "": {
      "version": "1.0.21",
      "license": "ISC",
      "dependencies": {
        "cron": "^1.8.2",
        "moment": "^2.26.0",
        "parse": "^7.0.0",
        "request-promise": "^4.2.5"
      }
    },
    "node_modules/@babel/runtime-corejs3": {
      "version": "7.28.4",
      "resolved": "https://registry.npmjs.org/@babel/runtime-corejs3/-/runtime-corejs3-7.28.4.tgz",
      "integrity": "sha512-h7iEYiW4HebClDEhtvFObtPmIvrd1SSfpI9EhOeKk4CtIK/ngBWFpuhCzhdmRKtg71ylcue+9I6dv54XYO1epQ==",
      "license": "MIT",
      "dependencies": {
        "core-js-pure": "^3.43.0"
      },
      "engines": {
        "node": ">=6.9.0"
      }
    },
    "node_modules/bluebird": {
      "version": "3.7.2",
      "resolved": "https://registry.npmjs.org/bluebird/-/bluebird-3.7.2.tgz",
      "integrity": "sha512-XpNj6GDQzdfW+r2Wnn7xiSAd7TM3jzkxGXBGTtWKuSXv1xUV+azxAm8jdWZN06QTQk+2N2XB9jRDkvbmQmcRtg=="
    },
    "node_modules/core-js-pure": {
      "version": "3.46.0",
      "resolved": "https://registry.npmjs.org/core-js-pure/-/core-js-pure-3.46.0.tgz",
      "integrity": "sha512-NMCW30bHNofuhwLhYPt66OLOKTMbOhgTTatKVbaQC3KRHpTCiRIBYvtshr+NBYSnBxwAFhjW/RfJ0XbIjS16rw==",
      "hasInstallScript": true,
      "license": "MIT",
      "funding": {
        "type": "opencollective",
        "url": "https://opencollective.com/core-js"
      }
    },
    "node_modules/cron": {
      "version": "1.8.2",
      "resolved": "https://registry.npmjs.org/cron/-/cron-1.8.2.tgz",
      "integrity": "sha512-Gk2c4y6xKEO8FSAUTklqtfSr7oTq0CiPQeLBG5Fl0qoXpZyMcj1SG59YL+hqq04bu6/IuEA7lMkYDAplQNKkyg==",
      "dependencies": {
        "moment-timezone": "^0.5.x"
      }
    },
    "node_modules/crypto-js": {
      "version": "4.2.0",
      "resolved": "https://registry.npmjs.org/crypto-js/-/crypto-js-4.2.0.tgz",
      "integrity": "sha512-KALDyEYgpY+Rlob/iriUtjV6d5Eq+Y191A5g4UqLAi8CyGP9N1+FdVbkc1SxKc2r4YAYqG8JzO2KGL+AizD70Q==",
      "license": "MIT",
      "optional": true
    },
    "node_modules/idb-keyval": {
      "version": "6.2.2",
      "resolved": "https://registry.npmjs.org/idb-keyval/-/idb-keyval-6.2.2.tgz",
      "integrity": "sha512-yjD9nARJ/jb1g+CvD0tlhUHOrJ9Sy0P8T9MF3YaLlHnSRpwPfpTX0XIvpmw3gAJUmEu3FiICLBDPXVwyEvrleg==",
      "license": "Apache-2.0"
    },
    "node_modules/lodash": {
      "version": "4.17.15",
      "resolved": "https://registry.npmjs.org/lodash/-/lodash-4.17.15.tgz",
      "integrity": "sha512-8xOcRHvCjnocdS5cpwXQXVzmmh5e5+saE2QGoeQmbKmRS6J3VQppPOIt0MnmE+4xlZoumy0GPG0D0MVIQbNA1A=="
    },
    "node_modules/moment": {
      "version": "2.26.0",
      "resolved": "https://registry.npmjs.org/moment/-/moment-2.26.0.tgz",
      "integrity": "sha512-oIixUO+OamkUkwjhAVE18rAMfRJNsNe/Stid/gwHSOfHrOtw9EhAY2AHvdKZ/k/MggcYELFCJz/Sn2pL8b8JMw==",
      "engines": {
        "node": "*"
      }
    },
    "node_modules/moment-timezone": {
      "version": "0.5.31",
      "resolved": "https://registry.npmjs.org/moment-timezone/-/moment-timezone-0.5.31.tgz",
      "integrity": "sha512-+GgHNg8xRhMXfEbv81iDtrVeTcWt0kWmTEY1XQK14dICTXnWJnT0dxdlPspwqF3keKMVPXwayEsk1DI0AA/jdA==",
      "dependencies": {
        "moment": ">= 2.9.0"
      },
      "engines": {
        "node": "*"
      }
    },
    "node_modules/parse": {
      "version": "7.0.0",
      "resolved": "https://registry.npmjs.org/parse/-/parse-7.0.0.tgz",
      "integrity": "sha512-Cx6xqNt6QOSEpTl2NBwa7ee3+dFf2NA2pIsQNf4TxPCoFshJ4RU6euiecjA78L9r+kgc9PLTVlqaydRfQjqmRw==",
      "license": "Apache-2.0",
      "dependencies": {
        "@babel/runtime-corejs3": "7.28.4",
        "idb-keyval": "6.2.2",
        "react-native-crypto-js": "1.0.0",
        "uuid": "10.0.0",
        "ws": "8.18.3"
      },
      "engines": {
        "node": "18 || 19 || 20 || 22"
      },
      "optionalDependencies": {
        "crypto-js": "4.2.0"
      }
    },
    "node_modules/psl": {
      "version": "1.8.0",
      "resolved": "https://registry.npmjs.org/psl/-/psl-1.8.0.tgz",
      "integrity": "sha512-RIdOzyoavK+hA18OGGWDqUTsCLhtA7IcZ/6NCs4fFJaHBDab+pDDmDIByWFRQJq2Cd7r1OoQxBGKOaztq+hjIQ=="
    },
    "node_modules/punycode": {
      "version": "2.1.1",
      "resolved": "https://registry.npmjs.org/punycode/-/punycode-2.1.1.tgz",
      "integrity": "sha512-XRsRjdf+j5ml+y/6GKHPZbrF/8p2Yga0JPtdqTIY2Xe5ohJPD9saDJJLPvp9+NSBprVvevdXZybnj2cv8OEd0A==",
      "engines": {
        "node": ">=6"
      }
    },
    "node_modules/react-native-crypto-js": {
      "version": "1.0.0",
      "resolved": "https://registry.npmjs.org/react-native-crypto-js/-/react-native-crypto-js-1.0.0.tgz",
      "integrity": "sha512-FNbLuG/HAdapQoybeZSoes1PWdOj0w242gb+e1R0hicf3Gyj/Mf8M9NaED2AnXVOX01b2FXomwUiw1xP1K+8sA=="
    },
    "node_modules/request-promise": {
      "version": "4.2.5",
      "resolved": "https://registry.npmjs.org/request-promise/-/request-promise-4.2.5.tgz",
      "integrity": "sha512-ZgnepCykFdmpq86fKGwqntyTiUrHycALuGggpyCZwMvGaZWgxW6yagT0FHkgo5LzYvOaCNvxYwWYIjevSH1EDg==",
      "deprecated": "request-promise has been deprecated because it extends the now deprecated request package, see https://github.com/request/request/issues/3142",
      "dependencies": {
        "bluebird": "^3.5.0",
        "request-promise-core": "1.1.3",
        "stealthy-require": "^1.1.1",
        "tough-cookie": "^2.3.3"
      },
      "engines": {
        "node": ">=0.10.0"
      },
      "peerDependencies": {
        "request": "^2.34"
      }
    },
    "node_modules/request-promise-core": {
      "version": "1.1.3",
      "resolved": "https://registry.npmjs.org/request-promise-core/-/request-promise-core-1.1.3.tgz",
      "integrity": "sha512-QIs2+ArIGQVp5ZYbWD5ZLCY29D5CfWizP8eWnm8FoGD1TX61veauETVQbrV60662V0oFBkrDOuaBI8XgtuyYAQ==",
      "dependencies": {
        "lodash": "^4.17.15"
      },
      "engines": {
        "node": ">=0.10.0"
      },
      "peerDependencies": {
        "request": "^2.34"
      }
    },
    "node_modules/stealthy-require": {
      "version": "1.1.1",
      "resolved": "https://registry.npmjs.org/stealthy-require/-/stealthy-require-1.1.1.tgz",
      "integrity": "sha1-NbCYdbT/SfJqd35QmzCQoyJr8ks=",
      "engines": {
        "node": ">=0.10.0"
      }
    },
    "node_modules/tough-cookie": {
      "version": "2.5.0",
      "resolved": "https://registry.npmjs.org/tough-cookie/-/tough-cookie-2.5.0.tgz",
      "integrity": "sha512-nlLsUzgm1kfLXSXfRZMc1KLAugd4hqJHDTvc2hDIwS3mZAfMEuMbc03SujMF+GEcpaX/qboeycw6iO8JwVv2+g==",
      "dependencies": {
        "psl": "^1.1.28",
        "punycode": "^2.1.1"
      },
      "engines": {
        "node": ">=0.8"
      }
    },
    "node_modules/uuid": {
      "version": "10.0.0",
      "resolved": "https://registry.npmjs.org/uuid/-/uuid-10.0.0.tgz",
      "integrity": "sha512-8XkAphELsDnEGrDxUOHB3RGvXz6TeuYSGEZBOjtTtPm2lwhGBjLgOzLHB63IUWfBpNucQjND6d3AOudO+H3RWQ==",
      "funding": [
        "https://github.com/sponsors/broofa",
        "https://github.com/sponsors/ctavan"
      ],
      "license": "MIT",
      "bin": {
        "uuid": "dist/bin/uuid"
      }
    },
    "node_modules/ws": {
      "version": "8.18.3",
      "resolved": "https://registry.npmjs.org/ws/-/ws-8.18.3.tgz",
      "integrity": "sha512-PEIGCY5tSlUt50cqyMXfCzX+oOPqN0vuGqWzbcJ2xvnkzkq46oOpz7dQaTDBdfICb4N14+GARUDw2XV2N4tvzg==",
      "license": "MIT",
      "engines": {
        "node": ">=10.0.0"
      },
      "peerDependencies": {
        "bufferutil": "^4.0.1",
        "utf-8-validate": ">=5.0.2"
      },
      "peerDependenciesMeta": {
        "bufferutil": {
          "optional": true
        },
        "utf-8-validate": {
          "optional": true
        }
      }
    }
  }
}
